
Microsoft Visual Studio Solution File, Format Version 12.00
# Visual Studio Version 17
VisualStudioVersion = 17.2.32630.192
MinimumVisualStudioVersion = 10.0.40219.1
Project("{FAE04EC0-301F-11D3-BF4B-00C04F79EFBC}") = "FastEnpointsTest", "FastEnpointsTest\FastEnpointsTest.csproj", "{F5734648-2899-4CFF-8303-414BF17BBCFB}"
EndProject
Global
	GlobalSection(SolutionConfigurationPlatforms) = preSolution
		Debug|Any CPU = Debug|Any CPU
		Release|Any CPU = Release|Any CPU
	EndGlobalSection
	GlobalSection(ProjectConfigurationPlatforms) = postSolution
		{F5734648-2899-4CFF-8303-414BF17BBCFB}.Debug|Any CPU.ActiveCfg = Debug|Any CPU
		{F5734648-2899-4CFF-8303-414BF17BBCFB}.Debug|Any CPU.Build.0 = Debug|Any CPU
		{F5734648-2899-4CFF-8303-414BF17BBCFB}.Release|Any CPU.ActiveCfg = Release|Any CPU
		{F5734648-2899-4CFF-8303-414BF17BBCFB}.Release|Any CPU.Build.0 = Release|Any CPU
	EndGlobalSection
	GlobalSection(SolutionProperties) = preSolution
		HideSolutionNode = FALSE
	EndGlobalSection
	GlobalSection(ExtensibilityGlobals) = postSolution
		SolutionGuid = {0572DB5A-C3B6-4625-BB22-DABFBA1A15B1}
	EndGlobalSection
EndGlobal
